
Microsoft Visual Studio Solution File, Format Version 12.00
# Visual Studio Version 16
VisualStudioVersion = 16.0.31729.503
MinimumVisualStudioVersion = 10.0.40219.1
Project("{2150E333-8FDC-42A3-9474-1A3956D46DE8}") = "Services", "Services", "{E6E90448-498C-4AD6-9832-9FE07FC508DA}"
EndProject
Project("{2150E333-8FDC-42A3-9474-1A3956D46DE8}") = "Business", "Business", "{9F183F57-36C0-4B47-B26F-31492217D8E3}"
EndProject
Project("{FAE04EC0-301F-11D3-BF4B-00C04F79EFBC}") = "OperationsService", "OperationsService\OperationsService.csproj", "{5E7855BD-63EF-4081-9ACA-5783CF0124B4}"
EndProject
Global
	GlobalSection(SolutionConfigurationPlatforms) = preSolution
		Debug|Any CPU = Debug|Any CPU
		Release|Any CPU = Release|Any CPU
	EndGlobalSection
	GlobalSection(ProjectConfigurationPlatforms) = postSolution
		{5E7855BD-63EF-4081-9ACA-5783CF0124B4}.Debug|Any CPU.ActiveCfg = Debug|Any CPU
		{5E7855BD-63EF-4081-9ACA-5783CF0124B4}.Debug|Any CPU.Build.0 = Debug|Any CPU
		{5E7855BD-63EF-4081-9ACA-5783CF0124B4}.Release|Any CPU.ActiveCfg = Release|Any CPU
		{5E7855BD-63EF-4081-9ACA-5783CF0124B4}.Release|Any CPU.Build.0 = Release|Any CPU
	EndGlobalSection
	GlobalSection(SolutionProperties) = preSolution
		HideSolutionNode = FALSE
	EndGlobalSection
	GlobalSection(NestedProjects) = preSolution
		{9F183F57-36C0-4B47-B26F-31492217D8E3} = {E6E90448-498C-4AD6-9832-9FE07FC508DA}
		{5E7855BD-63EF-4081-9ACA-5783CF0124B4} = {9F183F57-36C0-4B47-B26F-31492217D8E3}
	EndGlobalSection
	GlobalSection(ExtensibilityGlobals) = postSolution
		SolutionGuid = {ABB76B1E-D4EC-480E-8BD2-628838130528}
	EndGlobalSection
EndGlobal
